// !$*UTF8*$!
{
	archiveVersion = 1;
	classes = {
	};
	objectVersion = 46;
	objects = {

/* Begin PBXBuildFile section */
		F5C836CF1D9929A90057EB27 /* IBDesignableKit-Prefix.pch in Headers */ = {isa = PBXBuildFile; fileRef = F5C836CE1D9929A90057EB27 /* IBDesignableKit-Prefix.pch */; };
		F5C837411D99306D0057EB27 /* UIImage+Blur.h in Headers */ = {isa = PBXBuildFile; fileRef = F5C837181D99306D0057EB27 /* UIImage+Blur.h */; settings = {ATTRIBUTES = (Public, ); }; };
		F5C837431D99306D0057EB27 /* UIImage+Blur.m in Sources */ = {isa = PBXBuildFile; fileRef = F5C837191D99306D0057EB27 /* UIImage+Blur.m */; };
		F5C837441D99306D0057EB27 /* UIView+IBDesignable.h in Headers */ = {isa = PBXBuildFile; fileRef = F5C8371A1D99306D0057EB27 /* UIView+IBDesignable.h */; settings = {ATTRIBUTES = (Public, ); }; };
		F5C837461D99306D0057EB27 /* UIView+IBDesignable.m in Sources */ = {isa = PBXBuildFile; fileRef = F5C8371B1D99306D0057EB27 /* UIView+IBDesignable.m */; };
		F5C837471D99306D0057EB27 /* IBDesignableKit.h in Headers */ = {isa = PBXBuildFile; fileRef = F5C8371C1D99306D0057EB27 /* IBDesignableKit.h */; settings = {ATTRIBUTES = (Public, ); }; };
		F5C837481D99306D0057EB27 /* IBDButton.h in Headers */ = {isa = PBXBuildFile; fileRef = F5C8371E1D99306D0057EB27 /* IBDButton.h */; settings = {ATTRIBUTES = (Public, ); }; };
		F5C8374A1D99306D0057EB27 /* IBDButton.m in Sources */ = {isa = PBXBuildFile; fileRef = F5C8371F1D99306D0057EB27 /* IBDButton.m */; };
		F5C8374B1D99306D0057EB27 /* IBDControl.h in Headers */ = {isa = PBXBuildFile; fileRef = F5C837201D99306D0057EB27 /* IBDControl.h */; settings = {ATTRIBUTES = (Public, ); }; };
		F5C8374D1D99306D0057EB27 /* IBDControl.m in Sources */ = {isa = PBXBuildFile; fileRef = F5C837211D99306D0057EB27 /* IBDControl.m */; };
		F5C8374E1D99306D0057EB27 /* IBDSlider.h in Headers */ = {isa = PBXBuildFile; fileRef = F5C837221D99306D0057EB27 /* IBDSlider.h */; settings = {ATTRIBUTES = (Public, ); }; };
		F5C837501D99306D0057EB27 /* IBDSlider.m in Sources */ = {isa = PBXBuildFile; fileRef = F5C837231D99306D0057EB27 /* IBDSlider.m */; };
		F5C837511D99306D0057EB27 /* IBDSwitch.h in Headers */ = {isa = PBXBuildFile; fileRef = F5C837241D99306D0057EB27 /* IBDSwitch.h */; settings = {ATTRIBUTES = (Public, ); }; };
		F5C837531D99306D0057EB27 /* IBDSwitch.m in Sources */ = {isa = PBXBuildFile; fileRef = F5C837251D99306D0057EB27 /* IBDSwitch.m */; };
		F5C837541D99306D0057EB27 /* IBDTextField.h in Headers */ = {isa = PBXBuildFile; fileRef = F5C837261D99306D0057EB27 /* IBDTextField.h */; settings = {ATTRIBUTES = (Public, ); }; };
		F5C837561D99306D0057EB27 /* IBDTextField.m in Sources */ = {isa = PBXBuildFile; fileRef = F5C837271D99306D0057EB27 /* IBDTextField.m */; };
		F5C8375A1D99306D0057EB27 /* IBDCollectionReusableView.h in Headers */ = {isa = PBXBuildFile; fileRef = F5C8372B1D99306D0057EB27 /* IBDCollectionReusableView.h */; settings = {ATTRIBUTES = (Public, ); }; };
		F5C8375C1D99306D0057EB27 /* IBDCollectionReusableView.m in Sources */ = {isa = PBXBuildFile; fileRef = F5C8372C1D99306D0057EB27 /* IBDCollectionReusableView.m */; };
		F5C8375D1D99306D0057EB27 /* IBDCollectionView.h in Headers */ = {isa = PBXBuildFile; fileRef = F5C8372D1D99306D0057EB27 /* IBDCollectionView.h */; settings = {ATTRIBUTES = (Public, ); }; };
		F5C8375F1D99306D0057EB27 /* IBDCollectionView.m in Sources */ = {isa = PBXBuildFile; fileRef = F5C8372E1D99306D0057EB27 /* IBDCollectionView.m */; };
		F5C837601D99306D0057EB27 /* IBDCollectionViewCell.h in Headers */ = {isa = PBXBuildFile; fileRef = F5C8372F1D99306D0057EB27 /* IBDCollectionViewCell.h */; settings = {ATTRIBUTES = (Public, ); }; };
		F5C837621D99306D0057EB27 /* IBDCollectionViewCell.m in Sources */ = {isa = PBXBuildFile; fileRef = F5C837301D99306D0057EB27 /* IBDCollectionViewCell.m */; };
		F5C837631D99306D0057EB27 /* IBDImageView.h in Headers */ = {isa = PBXBuildFile; fileRef = F5C837311D99306D0057EB27 /* IBDImageView.h */; settings = {ATTRIBUTES = (Public, ); }; };
		F5C837651D99306D0057EB27 /* IBDImageView.m in Sources */ = {isa = PBXBuildFile; fileRef = F5C837321D99306D0057EB27 /* IBDImageView.m */; };
		F5C837661D99306D0057EB27 /* IBDLabel.h in Headers */ = {isa = PBXBuildFile; fileRef = F5C837331D99306D0057EB27 /* IBDLabel.h */; settings = {ATTRIBUTES = (Public, ); }; };
		F5C837681D99306D0057EB27 /* IBDLabel.m in Sources */ = {isa = PBXBuildFile; fileRef = F5C837341D99306D0057EB27 /* IBDLabel.m */; };
		F5C837691D99306D0057EB27 /* IBDProgressView.h in Headers */ = {isa = PBXBuildFile; fileRef = F5C837351D99306D0057EB27 /* IBDProgressView.h */; settings = {ATTRIBUTES = (Public, ); }; };
		F5C8376B1D99306D0057EB27 /* IBDProgressView.m in Sources */ = {isa = PBXBuildFile; fileRef = F5C837361D99306D0057EB27 /* IBDProgressView.m */; };
		F5C8376C1D99306D0057EB27 /* IBDScrollView.h in Headers */ = {isa = PBXBuildFile; fileRef = F5C837371D99306D0057EB27 /* IBDScrollView.h */; settings = {ATTRIBUTES = (Public, ); }; };
		F5C8376E1D99306D0057EB27 /* IBDScrollView.m in Sources */ = {isa = PBXBuildFile; fileRef = F5C837381D99306D0057EB27 /* IBDScrollView.m */; };
		F5C8376F1D99306D0057EB27 /* IBDStackView.h in Headers */ = {isa = PBXBuildFile; fileRef = F5C837391D99306D0057EB27 /* IBDStackView.h */; settings = {ATTRIBUTES = (Public, ); }; };
		F5C837711D99306D0057EB27 /* IBDStackView.m in Sources */ = {isa = PBXBuildFile; fileRef = F5C8373A1D99306D0057EB27 /* IBDStackView.m */; };
		F5C837721D99306D0057EB27 /* IBDTableView.h in Headers */ = {isa = PBXBuildFile; fileRef = F5C8373B1D99306D0057EB27 /* IBDTableView.h */; settings = {ATTRIBUTES = (Public, ); }; };
		F5C837741D99306D0057EB27 /* IBDTableView.m in Sources */ = {isa = PBXBuildFile; fileRef = F5C8373C1D99306D0057EB27 /* IBDTableView.m */; };
		F5C837751D99306D0057EB27 /* IBDTableViewCell.h in Headers */ = {isa = PBXBuildFile; fileRef = F5C8373D1D99306D0057EB27 /* IBDTableViewCell.h */; settings = {ATTRIBUTES = (Public, ); }; };
		F5C837771D99306D0057EB27 /* IBDTableViewCell.m in Sources */ = {isa = PBXBuildFile; fileRef = F5C8373E1D99306D0057EB27 /* IBDTableViewCell.m */; };
		F5C837781D99306D0057EB27 /* IBDWebView.h in Headers */ = {isa = PBXBuildFile; fileRef = F5C8373F1D99306D0057EB27 /* IBDWebView.h */; settings = {ATTRIBUTES = (Public, ); }; };
		F5C8377A1D99306D0057EB27 /* IBDWebView.m in Sources */ = {isa = PBXBuildFile; fileRef = F5C837401D99306D0057EB27 /* IBDWebView.m */; };
		F5C8377D1D9930A30057EB27 /* IBDTextView.h in Headers */ = {isa = PBXBuildFile; fileRef = F5C8377B1D9930A30057EB27 /* IBDTextView.h */; settings = {ATTRIBUTES = (Public, ); }; };
		F5C8377F1D9930A30057EB27 /* IBDTextView.m in Sources */ = {isa = PBXBuildFile; fileRef = F5C8377C1D9930A30057EB27 /* IBDTextView.m */; };
		F5C837821D9930C80057EB27 /* IBDTableViewHeaderFooterView.h in Headers */ = {isa = PBXBuildFile; fileRef = F5C837801D9930C80057EB27 /* IBDTableViewHeaderFooterView.h */; settings = {ATTRIBUTES = (Public, ); }; };
		F5C837841D9930C80057EB27 /* IBDTableViewHeaderFooterView.m in Sources */ = {isa = PBXBuildFile; fileRef = F5C837811D9930C80057EB27 /* IBDTableViewHeaderFooterView.m */; };
		F5C837851D9931EA0057EB27 /* IBDesignableKit.framework in Frameworks */ = {isa = PBXBuildFile; fileRef = F5D1B3E31D97FBBC001F831C /* IBDesignableKit.framework */; };
		F5C837871D99323C0057EB27 /* IBDesignableKit.framework in Embed Frameworks */ = {isa = PBXBuildFile; fileRef = F5D1B3E31D97FBBC001F831C /* IBDesignableKit.framework */; settings = {ATTRIBUTES = (CodeSignOnCopy, RemoveHeadersOnCopy, ); }; };
		F5D1B3FD1D97FD2B001F831C /* AppDelegate.m in Sources */ = {isa = PBXBuildFile; fileRef = F5D1B3ED1D97FD2B001F831C /* AppDelegate.m */; };
		F5D1B3FE1D97FD2B001F831C /* Assets.xcassets in Resources */ = {isa = PBXBuildFile; fileRef = F5D1B3EE1D97FD2B001F831C /* Assets.xcassets */; };
		F5D1B3FF1D97FD2B001F831C /* LaunchScreen.storyboard in Resources */ = {isa = PBXBuildFile; fileRef = F5D1B3EF1D97FD2B001F831C /* LaunchScreen.storyboard */; };
		F5D1B4001D97FD2B001F831C /* Main.storyboard in Resources */ = {isa = PBXBuildFile; fileRef = F5D1B3F11D97FD2B001F831C /* Main.storyboard */; };
		F5D1B4011D97FD2B001F831C /* ViewController.m in Sources */ = {isa = PBXBuildFile; fileRef = F5D1B3F61D97FD2B001F831C /* ViewController.m */; };
		F5D1B4021D97FD2B001F831C /* Info.plist in Resources */ = {isa = PBXBuildFile; fileRef = F5D1B3F91D97FD2B001F831C /* Info.plist */; };
		F5D1B4031D97FD2B001F831C /* main.m in Sources */ = {isa = PBXBuildFile; fileRef = F5D1B3FA1D97FD2B001F831C /* main.m */; };
		F5D1B4041D97FD2B001F831C /* cheetah1136.png in Resources */ = {isa = PBXBuildFile; fileRef = F5D1B3FC1D97FD2B001F831C /* cheetah1136.png */; };
		F5D1B4151D97FD3E001F831C /* Info.plist in Resources */ = {isa = PBXBuildFile; fileRef = F5D1B40C1D97FD3E001F831C /* Info.plist */; };
/* End PBXBuildFile section */

/* Begin PBXContainerItemProxy section */
		F5C837881D99323C0057EB27 /* PBXContainerItemProxy */ = {
			isa = PBXContainerItemProxy;
			containerPortal = F5D1B3BC1D97FAE6001F831C /* Project object */;
			proxyType = 1;
			remoteGlobalIDString = F5D1B3E21D97FBBC001F831C;
			remoteInfo = IBDesignableKit;
		};
/* End PBXContainerItemProxy section */

/* Begin PBXCopyFilesBuildPhase section */
		F5C8378A1D99323D0057EB27 /* Embed Frameworks */ = {
			isa = PBXCopyFilesBuildPhase;
			buildActionMask = 2147483647;
			dstPath = "";
			dstSubfolderSpec = 10;
			files = (
				F5C837871D99323C0057EB27 /* IBDesignableKit.framework in Embed Frameworks */,
			);
			name = "Embed Frameworks";
			runOnlyForDeploymentPostprocessing = 0;
		};
/* End PBXCopyFilesBuildPhase section */

/* Begin PBXFileReference section */
		F5C836CE1D9929A90057EB27 /* IBDesignableKit-Prefix.pch */ = {isa = PBXFileReference; fileEncoding = 4; lastKnownFileType = sourcecode.c.h; path = "IBDesignableKit-Prefix.pch"; sourceTree = "<group>"; };
		F5C837181D99306D0057EB27 /* UIImage+Blur.h */ = {isa = PBXFileReference; fileEncoding = 4; lastKnownFileType = sourcecode.c.h; path = "UIImage+Blur.h"; sourceTree = "<group>"; };
		F5C837191D99306D0057EB27 /* UIImage+Blur.m */ = {isa = PBXFileReference; fileEncoding = 4; lastKnownFileType = sourcecode.c.objc; path = "UIImage+Blur.m"; sourceTree = "<group>"; };
		F5C8371A1D99306D0057EB27 /* UIView+IBDesignable.h */ = {isa = PBXFileReference; fileEncoding = 4; lastKnownFileType = sourcecode.c.h; path = "UIView+IBDesignable.h"; sourceTree = "<group>"; };
		F5C8371B1D99306D0057EB27 /* UIView+IBDesignable.m */ = {isa = PBXFileReference; fileEncoding = 4; lastKnownFileType = sourcecode.c.objc; path = "UIView+IBDesignable.m"; sourceTree = "<group>"; };
		F5C8371C1D99306D0057EB27 /* IBDesignableKit.h */ = {isa = PBXFileReference; fileEncoding = 4; lastKnownFileType = sourcecode.c.h; path = IBDesignableKit.h; sourceTree = "<group>"; };
		F5C8371E1D99306D0057EB27 /* IBDButton.h */ = {isa = PBXFileReference; fileEncoding = 4; lastKnownFileType = sourcecode.c.h; path = IBDButton.h; sourceTree = "<group>"; };
		F5C8371F1D99306D0057EB27 /* IBDButton.m */ = {isa = PBXFileReference; fileEncoding = 4; lastKnownFileType = sourcecode.c.objc; path = IBDButton.m; sourceTree = "<group>"; };
		F5C837201D99306D0057EB27 /* IBDControl.h */ = {isa = PBXFileReference; fileEncoding = 4; lastKnownFileType = sourcecode.c.h; path = IBDControl.h; sourceTree = "<group>"; };
		F5C837211D99306D0057EB27 /* IBDControl.m */ = {isa = PBXFileReference; fileEncoding = 4; lastKnownFileType = sourcecode.c.objc; path = IBDControl.m; sourceTree = "<group>"; };
		F5C837221D99306D0057EB27 /* IBDSlider.h */ = {isa = PBXFileReference; fileEncoding = 4; lastKnownFileType = sourcecode.c.h; path = IBDSlider.h; sourceTree = "<group>"; };
		F5C837231D99306D0057EB27 /* IBDSlider.m */ = {isa = PBXFileReference; fileEncoding = 4; lastKnownFileType = sourcecode.c.objc; path = IBDSlider.m; sourceTree = "<group>"; };
		F5C837241D99306D0057EB27 /* IBDSwitch.h */ = {isa = PBXFileReference; fileEncoding = 4; lastKnownFileType = sourcecode.c.h; path = IBDSwitch.h; sourceTree = "<group>"; };
		F5C837251D99306D0057EB27 /* IBDSwitch.m */ = {isa = PBXFileReference; fileEncoding = 4; lastKnownFileType = sourcecode.c.objc; path = IBDSwitch.m; sourceTree = "<group>"; };
		F5C837261D99306D0057EB27 /* IBDTextField.h */ = {isa = PBXFileReference; fileEncoding = 4; lastKnownFileType = sourcecode.c.h; path = IBDTextField.h; sourceTree = "<group>"; };
		F5C837271D99306D0057EB27 /* IBDTextField.m */ = {isa = PBXFileReference; fileEncoding = 4; lastKnownFileType = sourcecode.c.objc; path = IBDTextField.m; sourceTree = "<group>"; };
		F5C8372B1D99306D0057EB27 /* IBDCollectionReusableView.h */ = {isa = PBXFileReference; fileEncoding = 4; lastKnownFileType = sourcecode.c.h; path = IBDCollectionReusableView.h; sourceTree = "<group>"; };
		F5C8372C1D99306D0057EB27 /* IBDCollectionReusableView.m */ = {isa = PBXFileReference; fileEncoding = 4; lastKnownFileType = sourcecode.c.objc; path = IBDCollectionReusableView.m; sourceTree = "<group>"; };
		F5C8372D1D99306D0057EB27 /* IBDCollectionView.h */ = {isa = PBXFileReference; fileEncoding = 4; lastKnownFileType = sourcecode.c.h; path = IBDCollectionView.h; sourceTree = "<group>"; };
		F5C8372E1D99306D0057EB27 /* IBDCollectionView.m */ = {isa = PBXFileReference; fileEncoding = 4; lastKnownFileType = sourcecode.c.objc; path = IBDCollectionView.m; sourceTree = "<group>"; };
		F5C8372F1D99306D0057EB27 /* IBDCollectionViewCell.h */ = {isa = PBXFileReference; fileEncoding = 4; lastKnownFileType = sourcecode.c.h; path = IBDCollectionViewCell.h; sourceTree = "<group>"; };
		F5C837301D99306D0057EB27 /* IBDCollectionViewCell.m */ = {isa = PBXFileReference; fileEncoding = 4; lastKnownFileType = sourcecode.c.objc; path = IBDCollectionViewCell.m; sourceTree = "<group>"; };
		F5C837311D99306D0057EB27 /* IBDImageView.h */ = {isa = PBXFileReference; fileEncoding = 4; lastKnownFileType = sourcecode.c.h; path = IBDImageView.h; sourceTree = "<group>"; };
		F5C837321D99306D0057EB27 /* IBDImageView.m */ = {isa = PBXFileReference; fileEncoding = 4; lastKnownFileType = sourcecode.c.objc; path = IBDImageView.m; sourceTree = "<group>"; };
		F5C837331D99306D0057EB27 /* IBDLabel.h */ = {isa = PBXFileReference; fileEncoding = 4; lastKnownFileType = sourcecode.c.h; path = IBDLabel.h; sourceTree = "<group>"; };
		F5C837341D99306D0057EB27 /* IBDLabel.m */ = {isa = PBXFileReference; fileEncoding = 4; lastKnownFileType = sourcecode.c.objc; path = IBDLabel.m; sourceTree = "<group>"; };
		F5C837351D99306D0057EB27 /* IBDProgressView.h */ = {isa = PBXFileReference; fileEncoding = 4; lastKnownFileType = sourcecode.c.h; path = IBDProgressView.h; sourceTree = "<group>"; };
		F5C837361D99306D0057EB27 /* IBDProgressView.m */ = {isa = PBXFileReference; fileEncoding = 4; lastKnownFileType = sourcecode.c.objc; path = IBDProgressView.m; sourceTree = "<group>"; };
		F5C837371D99306D0057EB27 /* IBDScrollView.h */ = {isa = PBXFileReference; fileEncoding = 4; lastKnownFileType = sourcecode.c.h; path = IBDScrollView.h; sourceTree = "<group>"; };
		F5C837381D99306D0057EB27 /* IBDScrollView.m */ = {isa = PBXFileReference; fileEncoding = 4; lastKnownFileType = sourcecode.c.objc; path = IBDScrollView.m; sourceTree = "<group>"; };
		F5C837391D99306D0057EB27 /* IBDStackView.h */ = {isa = PBXFileReference; fileEncoding = 4; lastKnownFileType = sourcecode.c.h; path = IBDStackView.h; sourceTree = "<group>"; };
		F5C8373A1D99306D0057EB27 /* IBDStackView.m */ = {isa = PBXFileReference; fileEncoding = 4; lastKnownFileType = sourcecode.c.objc; path = IBDStackView.m; sourceTree = "<group>"; };
		F5C8373B1D99306D0057EB27 /* IBDTableView.h */ = {isa = PBXFileReference; fileEncoding = 4; lastKnownFileType = sourcecode.c.h; path = IBDTableView.h; sourceTree = "<group>"; };
		F5C8373C1D99306D0057EB27 /* IBDTableView.m */ = {isa = PBXFileReference; fileEncoding = 4; lastKnownFileType = sourcecode.c.objc; path = IBDTableView.m; sourceTree = "<group>"; };
		F5C8373D1D99306D0057EB27 /* IBDTableViewCell.h */ = {isa = PBXFileReference; fileEncoding = 4; lastKnownFileType = sourcecode.c.h; path = IBDTableViewCell.h; sourceTree = "<group>"; };
		F5C8373E1D99306D0057EB27 /* IBDTableViewCell.m */ = {isa = PBXFileReference; fileEncoding = 4; lastKnownFileType = sourcecode.c.objc; path = IBDTableViewCell.m; sourceTree = "<group>"; };
		F5C8373F1D99306D0057EB27 /* IBDWebView.h */ = {isa = PBXFileReference; fileEncoding = 4; lastKnownFileType = sourcecode.c.h; path = IBDWebView.h; sourceTree = "<group>"; };
		F5C837401D99306D0057EB27 /* IBDWebView.m */ = {isa = PBXFileReference; fileEncoding = 4; lastKnownFileType = sourcecode.c.objc; path = IBDWebView.m; sourceTree = "<group>"; };
		F5C8377B1D9930A30057EB27 /* IBDTextView.h */ = {isa = PBXFileReference; fileEncoding = 4; lastKnownFileType = sourcecode.c.h; path = IBDTextView.h; sourceTree = "<group>"; };
		F5C8377C1D9930A30057EB27 /* IBDTextView.m */ = {isa = PBXFileReference; fileEncoding = 4; lastKnownFileType = sourcecode.c.objc; path = IBDTextView.m; sourceTree = "<group>"; };
		F5C837801D9930C80057EB27 /* IBDTableViewHeaderFooterView.h */ = {isa = PBXFileReference; fileEncoding = 4; lastKnownFileType = sourcecode.c.h; path = IBDTableViewHeaderFooterView.h; sourceTree = "<group>"; };
		F5C837811D9930C80057EB27 /* IBDTableViewHeaderFooterView.m */ = {isa = PBXFileReference; fileEncoding = 4; lastKnownFileType = sourcecode.c.objc; path = IBDTableViewHeaderFooterView.m; sourceTree = "<group>"; };
		F5D1B3C41D97FAE6001F831C /* IBDesignableKitDemo.app */ = {isa = PBXFileReference; explicitFileType = wrapper.application; includeInIndex = 0; path = IBDesignableKitDemo.app; sourceTree = BUILT_PRODUCTS_DIR; };
		F5D1B3E31D97FBBC001F831C /* IBDesignableKit.framework */ = {isa = PBXFileReference; explicitFileType = wrapper.framework; includeInIndex = 0; path = IBDesignableKit.framework; sourceTree = BUILT_PRODUCTS_DIR; };
		F5D1B3EC1D97FD2B001F831C /* AppDelegate.h */ = {isa = PBXFileReference; fileEncoding = 4; lastKnownFileType = sourcecode.c.h; path = AppDelegate.h; sourceTree = "<group>"; };
		F5D1B3ED1D97FD2B001F831C /* AppDelegate.m */ = {isa = PBXFileReference; fileEncoding = 4; lastKnownFileType = sourcecode.c.objc; path = AppDelegate.m; sourceTree = "<group>"; };
		F5D1B3EE1D97FD2B001F831C /* Assets.xcassets */ = {isa = PBXFileReference; lastKnownFileType = folder.assetcatalog; path = Assets.xcassets; sourceTree = "<group>"; };
		F5D1B3F01D97FD2B001F831C /* Base */ = {isa = PBXFileReference; lastKnownFileType = file.storyboard; name = Base; path = Base.lproj/LaunchScreen.storyboard; sourceTree = "<group>"; };
		F5D1B3F21D97FD2B001F831C /* Base */ = {isa = PBXFileReference; lastKnownFileType = file.storyboard; name = Base; path = Base.lproj/Main.storyboard; sourceTree = "<group>"; };
		F5D1B3F51D97FD2B001F831C /* ViewController.h */ = {isa = PBXFileReference; fileEncoding = 4; lastKnownFileType = sourcecode.c.h; path = ViewController.h; sourceTree = "<group>"; };
		F5D1B3F61D97FD2B001F831C /* ViewController.m */ = {isa = PBXFileReference; fileEncoding = 4; lastKnownFileType = sourcecode.c.objc; path = ViewController.m; sourceTree = "<group>"; };
		F5D1B3F91D97FD2B001F831C /* Info.plist */ = {isa = PBXFileReference; fileEncoding = 4; lastKnownFileType = text.plist.xml; path = Info.plist; sourceTree = "<group>"; };
		F5D1B3FA1D97FD2B001F831C /* main.m */ = {isa = PBXFileReference; fileEncoding = 4; lastKnownFileType = sourcecode.c.objc; path = main.m; sourceTree = "<group>"; };
		F5D1B3FC1D97FD2B001F831C /* cheetah1136.png */ = {isa = PBXFileReference; lastKnownFileType = image.png; path = cheetah1136.png; sourceTree = "<group>"; };
		F5D1B40C1D97FD3E001F831C /* Info.plist */ = {isa = PBXFileReference; fileEncoding = 4; lastKnownFileType = text.plist.xml; path = Info.plist; sourceTree = "<group>"; };
/* End PBXFileReference section */

/* Begin PBXFrameworksBuildPhase section */
		F5D1B3C11D97FAE6001F831C /* Frameworks */ = {
			isa = PBXFrameworksBuildPhase;
			buildActionMask = 2147483647;
			files = (
				F5C837851D9931EA0057EB27 /* IBDesignableKit.framework in Frameworks */,
			);
			runOnlyForDeploymentPostprocessing = 0;
		};
		F5D1B3DF1D97FBBC001F831C /* Frameworks */ = {
			isa = PBXFrameworksBuildPhase;
			buildActionMask = 2147483647;
			files = (
			);
			runOnlyForDeploymentPostprocessing = 0;
		};
/* End PBXFrameworksBuildPhase section */

/* Begin PBXGroup section */
		F5C837161D99306D0057EB27 /* Classes */ = {
			isa = PBXGroup;
			children = (
				F5C8371C1D99306D0057EB27 /* IBDesignableKit.h */,
				F5C837171D99306D0057EB27 /* Core */,
				F5C8371D1D99306D0057EB27 /* UIControl */,
				F5C8372A1D99306D0057EB27 /* UIView */,
			);
			path = Classes;
			sourceTree = "<group>";
		};
		F5C837171D99306D0057EB27 /* Core */ = {
			isa = PBXGroup;
			children = (
				F5C837181D99306D0057EB27 /* UIImage+Blur.h */,
				F5C837191D99306D0057EB27 /* UIImage+Blur.m */,
				F5C8371A1D99306D0057EB27 /* UIView+IBDesignable.h */,
				F5C8371B1D99306D0057EB27 /* UIView+IBDesignable.m */,
			);
			path = Core;
			sourceTree = "<group>";
		};
		F5C8371D1D99306D0057EB27 /* UIControl */ = {
			isa = PBXGroup;
			children = (
				F5C8371E1D99306D0057EB27 /* IBDButton.h */,
				F5C8371F1D99306D0057EB27 /* IBDButton.m */,
				F5C837201D99306D0057EB27 /* IBDControl.h */,
				F5C837211D99306D0057EB27 /* IBDControl.m */,
				F5C837221D99306D0057EB27 /* IBDSlider.h */,
				F5C837231D99306D0057EB27 /* IBDSlider.m */,
				F5C837241D99306D0057EB27 /* IBDSwitch.h */,
				F5C837251D99306D0057EB27 /* IBDSwitch.m */,
				F5C837261D99306D0057EB27 /* IBDTextField.h */,
				F5C837271D99306D0057EB27 /* IBDTextField.m */,
			);
			path = UIControl;
			sourceTree = "<group>";
		};
		F5C8372A1D99306D0057EB27 /* UIView */ = {
			isa = PBXGroup;
			children = (
				F5C8372B1D99306D0057EB27 /* IBDCollectionReusableView.h */,
				F5C8372C1D99306D0057EB27 /* IBDCollectionReusableView.m */,
				F5C8372D1D99306D0057EB27 /* IBDCollectionView.h */,
				F5C8372E1D99306D0057EB27 /* IBDCollectionView.m */,
				F5C8372F1D99306D0057EB27 /* IBDCollectionViewCell.h */,
				F5C837301D99306D0057EB27 /* IBDCollectionViewCell.m */,
				F5C837311D99306D0057EB27 /* IBDImageView.h */,
				F5C837321D99306D0057EB27 /* IBDImageView.m */,
				F5C837331D99306D0057EB27 /* IBDLabel.h */,
				F5C837341D99306D0057EB27 /* IBDLabel.m */,
				F5C837351D99306D0057EB27 /* IBDProgressView.h */,
				F5C837361D99306D0057EB27 /* IBDProgressView.m */,
				F5C837371D99306D0057EB27 /* IBDScrollView.h */,
				F5C837381D99306D0057EB27 /* IBDScrollView.m */,
				F5C837391D99306D0057EB27 /* IBDStackView.h */,
				F5C8373A1D99306D0057EB27 /* IBDStackView.m */,
				F5C8373B1D99306D0057EB27 /* IBDTableView.h */,
				F5C8373C1D99306D0057EB27 /* IBDTableView.m */,
				F5C8373D1D99306D0057EB27 /* IBDTableViewCell.h */,
				F5C8373E1D99306D0057EB27 /* IBDTableViewCell.m */,
				F5C837801D9930C80057EB27 /* IBDTableViewHeaderFooterView.h */,
				F5C837811D9930C80057EB27 /* IBDTableViewHeaderFooterView.m */,
				F5C8373F1D99306D0057EB27 /* IBDWebView.h */,
				F5C837401D99306D0057EB27 /* IBDWebView.m */,
				F5C8377B1D9930A30057EB27 /* IBDTextView.h */,
				F5C8377C1D9930A30057EB27 /* IBDTextView.m */,
			);
			path = UIView;
			sourceTree = "<group>";
		};
		F5C8378B1D9933FD0057EB27 /* Supporting Files */ = {
			isa = PBXGroup;
			children = (
				F5D1B40C1D97FD3E001F831C /* Info.plist */,
				F5C836CE1D9929A90057EB27 /* IBDesignableKit-Prefix.pch */,
			);
			name = "Supporting Files";
			sourceTree = "<group>";
		};
		F5D1B3BB1D97FAE6001F831C = {
			isa = PBXGroup;
			children = (
				F5D1B4051D97FD3E001F831C /* IBDesignableKit */,
				F5D1B3EB1D97FD2B001F831C /* IBDesignableKitDemo */,
				F5D1B3C51D97FAE6001F831C /* Products */,
			);
			sourceTree = "<group>";
		};
		F5D1B3C51D97FAE6001F831C /* Products */ = {
			isa = PBXGroup;
			children = (
				F5D1B3C41D97FAE6001F831C /* IBDesignableKitDemo.app */,
				F5D1B3E31D97FBBC001F831C /* IBDesignableKit.framework */,
			);
			name = Products;
			sourceTree = "<group>";
		};
		F5D1B3EB1D97FD2B001F831C /* IBDesignableKitDemo */ = {
			isa = PBXGroup;
			children = (
				F5D1B3EC1D97FD2B001F831C /* AppDelegate.h */,
				F5D1B3ED1D97FD2B001F831C /* AppDelegate.m */,
				F5D1B3EE1D97FD2B001F831C /* Assets.xcassets */,
				F5D1B3EF1D97FD2B001F831C /* LaunchScreen.storyboard */,
				F5D1B3F11D97FD2B001F831C /* Main.storyboard */,
				F5D1B3F31D97FD2B001F831C /* Classes */,
				F5D1B3F91D97FD2B001F831C /* Info.plist */,
				F5D1B3FA1D97FD2B001F831C /* main.m */,
				F5D1B3FB1D97FD2B001F831C /* Resources */,
			);
			path = IBDesignableKitDemo;
			sourceTree = "<group>";
		};
		F5D1B3F31D97FD2B001F831C /* Classes */ = {
			isa = PBXGroup;
			children = (
				F5D1B3F41D97FD2B001F831C /* Controllers */,
				F5D1B3F71D97FD2B001F831C /* Models */,
				F5D1B3F81D97FD2B001F831C /* Views */,
			);
			path = Classes;
			sourceTree = "<group>";
		};
		F5D1B3F41D97FD2B001F831C /* Controllers */ = {
			isa = PBXGroup;
			children = (
				F5D1B3F51D97FD2B001F831C /* ViewController.h */,
				F5D1B3F61D97FD2B001F831C /* ViewController.m */,
			);
			path = Controllers;
			sourceTree = "<group>";
		};
		F5D1B3F71D97FD2B001F831C /* Models */ = {
			isa = PBXGroup;
			children = (
			);
			path = Models;
			sourceTree = "<group>";
		};
		F5D1B3F81D97FD2B001F831C /* Views */ = {
			isa = PBXGroup;
			children = (
			);
			path = Views;
			sourceTree = "<group>";
		};
		F5D1B3FB1D97FD2B001F831C /* Resources */ = {
			isa = PBXGroup;
			children = (
				F5D1B3FC1D97FD2B001F831C /* cheetah1136.png */,
			);
			path = Resources;
			sourceTree = "<group>";
		};
		F5D1B4051D97FD3E001F831C /* IBDesignableKit */ = {
			isa = PBXGroup;
			children = (
				F5C837161D99306D0057EB27 /* Classes */,
				F5C8378B1D9933FD0057EB27 /* Supporting Files */,
			);
			path = IBDesignableKit;
			sourceTree = "<group>";
		};
/* End PBXGroup section */

/* Begin PBXHeadersBuildPhase section */
		F5D1B3E01D97FBBC001F831C /* Headers */ = {
			isa = PBXHeadersBuildPhase;
			buildActionMask = 2147483647;
			files = (
				F5C837471D99306D0057EB27 /* IBDesignableKit.h in Headers */,
				F5C837631D99306D0057EB27 /* IBDImageView.h in Headers */,
				F5C836CF1D9929A90057EB27 /* IBDesignableKit-Prefix.pch in Headers */,
				F5C837821D9930C80057EB27 /* IBDTableViewHeaderFooterView.h in Headers */,
				F5C837601D99306D0057EB27 /* IBDCollectionViewCell.h in Headers */,
				F5C837661D99306D0057EB27 /* IBDLabel.h in Headers */,
				F5C837691D99306D0057EB27 /* IBDProgressView.h in Headers */,
				F5C837511D99306D0057EB27 /* IBDSwitch.h in Headers */,
				F5C8375A1D99306D0057EB27 /* IBDCollectionReusableView.h in Headers */,
				F5C837481D99306D0057EB27 /* IBDButton.h in Headers */,
				F5C8377D1D9930A30057EB27 /* IBDTextView.h in Headers */,
				F5C8374E1D99306D0057EB27 /* IBDSlider.h in Headers */,
				F5C8376C1D99306D0057EB27 /* IBDScrollView.h in Headers */,
				F5C8375D1D99306D0057EB27 /* IBDCollectionView.h in Headers */,
				F5C837411D99306D0057EB27 /* UIImage+Blur.h in Headers */,
				F5C8376F1D99306D0057EB27 /* IBDStackView.h in Headers */,
				F5C837541D99306D0057EB27 /* IBDTextField.h in Headers */,
				F5C837721D99306D0057EB27 /* IBDTableView.h in Headers */,
				F5C8374B1D99306D0057EB27 /* IBDControl.h in Headers */,
				F5C837751D99306D0057EB27 /* IBDTableViewCell.h in Headers */,
				F5C837441D99306D0057EB27 /* UIView+IBDesignable.h in Headers */,
				F5C837781D99306D0057EB27 /* IBDWebView.h in Headers */,
			);
			runOnlyForDeploymentPostprocessing = 0;
		};
/* End PBXHeadersBuildPhase section */

/* Begin PBXNativeTarget section */
		F5D1B3C31D97FAE6001F831C /* IBDesignableKitDemo */ = {
			isa = PBXNativeTarget;
			buildConfigurationList = F5D1B3DB1D97FAE6001F831C /* Build configuration list for PBXNativeTarget "IBDesignableKitDemo" */;
			buildPhases = (
				F5D1B3C01D97FAE6001F831C /* Sources */,
				F5D1B3C11D97FAE6001F831C /* Frameworks */,
				F5D1B3C21D97FAE6001F831C /* Resources */,
				F5C8378A1D99323D0057EB27 /* Embed Frameworks */,
			);
			buildRules = (
			);
			dependencies = (
				F5C837891D99323C0057EB27 /* PBXTargetDependency */,
			);
			name = IBDesignableKitDemo;
			productName = IBDesignableKit;
			productReference = F5D1B3C41D97FAE6001F831C /* IBDesignableKitDemo.app */;
			productType = "com.apple.product-type.application";
		};
		F5D1B3E21D97FBBC001F831C /* IBDesignableKit */ = {
			isa = PBXNativeTarget;
			buildConfigurationList = F5D1B3E81D97FBBC001F831C /* Build configuration list for PBXNativeTarget "IBDesignableKit" */;
			buildPhases = (
				F5D1B3DE1D97FBBC001F831C /* Sources */,
				F5D1B3DF1D97FBBC001F831C /* Frameworks */,
				F5D1B3E01D97FBBC001F831C /* Headers */,
				F5D1B3E11D97FBBC001F831C /* Resources */,
			);
			buildRules = (
			);
			dependencies = (
			);
			name = IBDesignableKit;
			productName = IBDesignableKit;
			productReference = F5D1B3E31D97FBBC001F831C /* IBDesignableKit.framework */;
			productType = "com.apple.product-type.framework";
		};
/* End PBXNativeTarget section */

/* Begin PBXProject section */
		F5D1B3BC1D97FAE6001F831C /* Project object */ = {
			isa = PBXProject;
			attributes = {
				CLASSPREFIX = IBD;
				LastUpgradeCheck = 0800;
				ORGANIZATIONNAME = "陈杰";
				TargetAttributes = {
					F5D1B3C31D97FAE6001F831C = {
						CreatedOnToolsVersion = 8.0;
						DevelopmentTeam = FL9S7ZVF95;
						ProvisioningStyle = Automatic;
					};
					F5D1B3E21D97FBBC001F831C = {
						CreatedOnToolsVersion = 8.0;
						DevelopmentTeam = FL9S7ZVF95;
						ProvisioningStyle = Automatic;
					};
				};
			};
			buildConfigurationList = F5D1B3BF1D97FAE6001F831C /* Build configuration list for PBXProject "IBDesignableKit" */;
			compatibilityVersion = "Xcode 3.2";
			developmentRegion = English;
			hasScannedForEncodings = 0;
			knownRegions = (
				en,
				Base,
			);
			mainGroup = F5D1B3BB1D97FAE6001F831C;
			productRefGroup = F5D1B3C51D97FAE6001F831C /* Products */;
			projectDirPath = "";
			projectRoot = "";
			targets = (
				F5D1B3C31D97FAE6001F831C /* IBDesignableKitDemo */,
				F5D1B3E21D97FBBC001F831C /* IBDesignableKit */,
			);
		};
/* End PBXProject section */

/* Begin PBXResourcesBuildPhase section */
		F5D1B3C21D97FAE6001F831C /* Resources */ = {
			isa = PBXResourcesBuildPhase;
			buildActionMask = 2147483647;
			files = (
				F5D1B4021D97FD2B001F831C /* Info.plist in Resources */,
				F5D1B4001D97FD2B001F831C /* Main.storyboard in Resources */,
				F5D1B4041D97FD2B001F831C /* cheetah1136.png in Resources */,
				F5D1B3FE1D97FD2B001F831C /* Assets.xcassets in Resources */,
				F5D1B3FF1D97FD2B001F831C /* LaunchScreen.storyboard in Resources */,
			);
			runOnlyForDeploymentPostprocessing = 0;
		};
		F5D1B3E11D97FBBC001F831C /* Resources */ = {
			isa = PBXResourcesBuildPhase;
			buildActionMask = 2147483647;
			files = (
				F5D1B4151D97FD3E001F831C /* Info.plist in Resources */,
			);
			runOnlyForDeploymentPostprocessing = 0;
		};
/* End PBXResourcesBuildPhase section */

/* Begin PBXSourcesBuildPhase section */
		F5D1B3C01D97FAE6001F831C /* Sources */ = {
			isa = PBXSourcesBuildPhase;
			buildActionMask = 2147483647;
			files = (
				F5D1B4011D97FD2B001F831C /* ViewController.m in Sources */,
				F5D1B4031D97FD2B001F831C /* main.m in Sources */,
				F5D1B3FD1D97FD2B001F831C /* AppDelegate.m in Sources */,
			);
			runOnlyForDeploymentPostprocessing = 0;
		};
		F5D1B3DE1D97FBBC001F831C /* Sources */ = {
			isa = PBXSourcesBuildPhase;
			buildActionMask = 2147483647;
			files = (
				F5C837431D99306D0057EB27 /* UIImage+Blur.m in Sources */,
				F5C8376B1D99306D0057EB27 /* IBDProgressView.m in Sources */,
				F5C8376E1D99306D0057EB27 /* IBDScrollView.m in Sources */,
				F5C837531D99306D0057EB27 /* IBDSwitch.m in Sources */,
				F5C8377A1D99306D0057EB27 /* IBDWebView.m in Sources */,
				F5C837651D99306D0057EB27 /* IBDImageView.m in Sources */,
				F5C8375C1D99306D0057EB27 /* IBDCollectionReusableView.m in Sources */,
				F5C8374A1D99306D0057EB27 /* IBDButton.m in Sources */,
				F5C837681D99306D0057EB27 /* IBDLabel.m in Sources */,
				F5C8377F1D9930A30057EB27 /* IBDTextView.m in Sources */,
				F5C837461D99306D0057EB27 /* UIView+IBDesignable.m in Sources */,
				F5C837711D99306D0057EB27 /* IBDStackView.m in Sources */,
				F5C837501D99306D0057EB27 /* IBDSlider.m in Sources */,
				F5C8374D1D99306D0057EB27 /* IBDControl.m in Sources */,
				F5C837621D99306D0057EB27 /* IBDCollectionViewCell.m in Sources */,
				F5C837741D99306D0057EB27 /* IBDTableView.m in Sources */,
				F5C837561D99306D0057EB27 /* IBDTextField.m in Sources */,
				F5C837771D99306D0057EB27 /* IBDTableViewCell.m in Sources */,
				F5C837841D9930C80057EB27 /* IBDTableViewHeaderFooterView.m in Sources */,
				F5C8375F1D99306D0057EB27 /* IBDCollectionView.m in Sources */,
			);
			runOnlyForDeploymentPostprocessing = 0;
		};
/* End PBXSourcesBuildPhase section */

/* Begin PBXTargetDependency section */
		F5C837891D99323C0057EB27 /* PBXTargetDependency */ = {
			isa = PBXTargetDependency;
			target = F5D1B3E21D97FBBC001F831C /* IBDesignableKit */;
			targetProxy = F5C837881D99323C0057EB27 /* PBXContainerItemProxy */;
		};
/* End PBXTargetDependency section */

/* Begin PBXVariantGroup section */
		F5D1B3EF1D97FD2B001F831C /* LaunchScreen.storyboard */ = {
			isa = PBXVariantGroup;
			children = (
				F5D1B3F01D97FD2B001F831C /* Base */,
			);
			name = LaunchScreen.storyboard;
			sourceTree = "<group>";
		};
		F5D1B3F11D97FD2B001F831C /* Main.storyboard */ = {
			isa = PBXVariantGroup;
			children = (
				F5D1B3F21D97FD2B001F831C /* Base */,
			);
			name = Main.storyboard;
			sourceTree = "<group>";
		};
/* End PBXVariantGroup section */

/* Begin XCBuildConfiguration section */
		F5D1B3D91D97FAE6001F831C /* Debug */ = {
			isa = XCBuildConfiguration;
			buildSettings = {
				ALWAYS_SEARCH_USER_PATHS = NO;
				CLANG_ANALYZER_NONNULL = YES;
				CLANG_CXX_LANGUAGE_STANDARD = "gnu++0x";
				CLANG_CXX_LIBRARY = "libc++";
				CLANG_ENABLE_MODULES = YES;
				CLANG_ENABLE_OBJC_ARC = YES;
				CLANG_WARN_BOOL_CONVERSION = YES;
				CLANG_WARN_CONSTANT_CONVERSION = YES;
				CLANG_WARN_DIRECT_OBJC_ISA_USAGE = YES_ERROR;
				CLANG_WARN_DOCUMENTATION_COMMENTS = YES;
				CLANG_WARN_EMPTY_BODY = YES;
				CLANG_WARN_ENUM_CONVERSION = YES;
				CLANG_WARN_INFINITE_RECURSION = YES;
				CLANG_WARN_INT_CONVERSION = YES;
				CLANG_WARN_OBJC_ROOT_CLASS = YES_ERROR;
				CLANG_WARN_SUSPICIOUS_MOVES = YES;
				CLANG_WARN_UNREACHABLE_CODE = YES;
				CLANG_WARN__DUPLICATE_METHOD_MATCH = YES;
				"CODE_SIGN_IDENTITY[sdk=iphoneos*]" = "iPhone Developer";
				COPY_PHASE_STRIP = NO;
				DEBUG_INFORMATION_FORMAT = dwarf;
				ENABLE_STRICT_OBJC_MSGSEND = YES;
				ENABLE_TESTABILITY = YES;
				GCC_C_LANGUAGE_STANDARD = gnu99;
				GCC_DYNAMIC_NO_PIC = NO;
				GCC_NO_COMMON_BLOCKS = YES;
				GCC_OPTIMIZATION_LEVEL = 0;
				GCC_PREPROCESSOR_DEFINITIONS = (
					"DEBUG=1",
					"$(inherited)",
				);
				GCC_WARN_64_TO_32_BIT_CONVERSION = YES;
				GCC_WARN_ABOUT_RETURN_TYPE = YES_ERROR;
				GCC_WARN_UNDECLARED_SELECTOR = YES;
				GCC_WARN_UNINITIALIZED_AUTOS = YES_AGGRESSIVE;
				GCC_WARN_UNUSED_FUNCTION = YES;
				GCC_WARN_UNUSED_VARIABLE = YES;
				IPHONEOS_DEPLOYMENT_TARGET = 10.0;
				MTL_ENABLE_DEBUG_INFO = YES;
				ONLY_ACTIVE_ARCH = YES;
				SDKROOT = iphoneos;
			};
			name = Debug;
		};
		F5D1B3DA1D97FAE6001F831C /* Release */ = {
			isa = XCBuildConfiguration;
			buildSettings = {
				ALWAYS_SEARCH_USER_PATHS = NO;
				CLANG_ANALYZER_NONNULL = YES;
				CLANG_CXX_LANGUAGE_STANDARD = "gnu++0x";
				CLANG_CXX_LIBRARY = "libc++";
				CLANG_ENABLE_MODULES = YES;
				CLANG_ENABLE_OBJC_ARC = YES;
				CLANG_WARN_BOOL_CONVERSION = YES;
				CLANG_WARN_CONSTANT_CONVERSION = YES;
				CLANG_WARN_DIRECT_OBJC_ISA_USAGE = YES_ERROR;
				CLANG_WARN_DOCUMENTATION_COMMENTS = YES;
				CLANG_WARN_EMPTY_BODY = YES;
				CLANG_WARN_ENUM_CONVERSION = YES;
				CLANG_WARN_INFINITE_RECURSION = YES;
				CLANG_WARN_INT_CONVERSION = YES;
				CLANG_WARN_OBJC_ROOT_CLASS = YES_ERROR;
				CLANG_WARN_SUSPICIOUS_MOVES = YES;
				CLANG_WARN_UNREACHABLE_CODE = YES;
				CLANG_WARN__DUPLICATE_METHOD_MATCH = YES;
				"CODE_SIGN_IDENTITY[sdk=iphoneos*]" = "iPhone Developer";
				COPY_PHASE_STRIP = NO;
				DEBUG_INFORMATION_FORMAT = "dwarf-with-dsym";
				ENABLE_NS_ASSERTIONS = NO;
				ENABLE_STRICT_OBJC_MSGSEND = YES;
				GCC_C_LANGUAGE_STANDARD = gnu99;
				GCC_NO_COMMON_BLOCKS = YES;
				GCC_WARN_64_TO_32_BIT_CONVERSION = YES;
				GCC_WARN_ABOUT_RETURN_TYPE = YES_ERROR;
				GCC_WARN_UNDECLARED_SELECTOR = YES;
				GCC_WARN_UNINITIALIZED_AUTOS = YES_AGGRESSIVE;
				GCC_WARN_UNUSED_FUNCTION = YES;
				GCC_WARN_UNUSED_VARIABLE = YES;
				IPHONEOS_DEPLOYMENT_TARGET = 10.0;
				MTL_ENABLE_DEBUG_INFO = NO;
				SDKROOT = iphoneos;
				VALIDATE_PRODUCT = YES;
			};
			name = Release;
		};
		F5D1B3DC1D97FAE6001F831C /* Debug */ = {
			isa = XCBuildConfiguration;
			buildSettings = {
				ASSETCATALOG_COMPILER_APPICON_NAME = AppIcon;
				DEVELOPMENT_TEAM = FL9S7ZVF95;
				INFOPLIST_FILE = IBDesignableKitDemo/Info.plist;
				IPHONEOS_DEPLOYMENT_TARGET = 8.0;
				LD_RUNPATH_SEARCH_PATHS = "$(inherited) @executable_path/Frameworks";
				PRODUCT_BUNDLE_IDENTIFIER = com.lafonapps.IBDesignableKitDemo;
				PRODUCT_NAME = "$(TARGET_NAME)";
			};
			name = Debug;
		};
		F5D1B3DD1D97FAE6001F831C /* Release */ = {
			isa = XCBuildConfiguration;
			buildSettings = {
				ASSETCATALOG_COMPILER_APPICON_NAME = AppIcon;
				DEVELOPMENT_TEAM = FL9S7ZVF95;
				INFOPLIST_FILE = IBDesignableKitDemo/Info.plist;
				IPHONEOS_DEPLOYMENT_TARGET = 8.0;
				LD_RUNPATH_SEARCH_PATHS = "$(inherited) @executable_path/Frameworks";
				PRODUCT_BUNDLE_IDENTIFIER = com.lafonapps.IBDesignableKitDemo;
				PRODUCT_NAME = "$(TARGET_NAME)";
			};
			name = Release;
		};
		F5D1B3E91D97FBBC001F831C /* Debug */ = {
			isa = XCBuildConfiguration;
			buildSettings = {
				CODE_SIGN_IDENTITY = "";
				CURRENT_PROJECT_VERSION = 1;
				DEFINES_MODULE = YES;
				DEVELOPMENT_TEAM = FL9S7ZVF95;
				DYLIB_COMPATIBILITY_VERSION = 1;
				DYLIB_CURRENT_VERSION = 1;
				DYLIB_INSTALL_NAME_BASE = "@rpath";
				GCC_PREFIX_HEADER = "IBDesignableKit/IBDesignableKit-Prefix.pch";
				INFOPLIST_FILE = IBDesignableKit/Info.plist;
				INSTALL_PATH = "$(LOCAL_LIBRARY_DIR)/Frameworks";
				IPHONEOS_DEPLOYMENT_TARGET = 8.0;
				LD_RUNPATH_SEARCH_PATHS = "$(inherited) @executable_path/Frameworks @loader_path/Frameworks";
				PRODUCT_BUNDLE_IDENTIFIER = com.lafonapps.IBDesignableKit;
				PRODUCT_NAME = "$(TARGET_NAME)";
				SKIP_INSTALL = YES;
				TARGETED_DEVICE_FAMILY = "1,2";
				VERSIONING_SYSTEM = "apple-generic";
				VERSION_INFO_PREFIX = "";
			};
			name = Debug;
		};
		F5D1B3EA1D97FBBC001F831C /* Release */ = {
			isa = XCBuildConfiguration;
			buildSettings = {
				CODE_SIGN_IDENTITY = "";
				CURRENT_PROJECT_VERSION = 1;
				DEFINES_MODULE = YES;
				DEVELOPMENT_TEAM = FL9S7ZVF95;
				DYLIB_COMPATIBILITY_VERSION = 1;
				DYLIB_CURRENT_VERSION = 1;
				DYLIB_INSTALL_NAME_BASE = "@rpath";
				GCC_PREFIX_HEADER = "IBDesignableKit/IBDesignableKit-Prefix.pch";
				INFOPLIST_FILE = IBDesignableKit/Info.plist;
				INSTALL_PATH = "$(LOCAL_LIBRARY_DIR)/Frameworks";
				IPHONEOS_DEPLOYMENT_TARGET = 8.0;
				LD_RUNPATH_SEARCH_PATHS = "$(inherited) @executable_path/Frameworks @loader_path/Frameworks";
				PRODUCT_BUNDLE_IDENTIFIER = com.lafonapps.IBDesignableKit;
				PRODUCT_NAME = "$(TARGET_NAME)";
				SKIP_INSTALL = YES;
				TARGETED_DEVICE_FAMILY = "1,2";
				VERSIONING_SYSTEM = "apple-generic";
				VERSION_INFO_PREFIX = "";
			};
			name = Release;
		};
/* End XCBuildConfiguration section */

/* Begin XCConfigurationList section */
		F5D1B3BF1D97FAE6001F831C /* Build configuration list for PBXProject "IBDesignableKit" */ = {
			isa = XCConfigurationList;
			buildConfigurations = (
				F5D1B3D91D97FAE6001F831C /* Debug */,
				F5D1B3DA1D97FAE6001F831C /* Release */,
			);
			defaultConfigurationIsVisible = 0;
			defaultConfigurationName = Release;
		};
		F5D1B3DB1D97FAE6001F831C /* Build configuration list for PBXNativeTarget "IBDesignableKitDemo" */ = {
			isa = XCConfigurationList;
			buildConfigurations = (
				F5D1B3DC1D97FAE6001F831C /* Debug */,
				F5D1B3DD1D97FAE6001F831C /* Release */,
			);
			defaultConfigurationIsVisible = 0;
			defaultConfigurationName = Release;
		};
		F5D1B3E81D97FBBC001F831C /* Build configuration list for PBXNativeTarget "IBDesignableKit" */ = {
			isa = XCConfigurationList;
			buildConfigurations = (
				F5D1B3E91D97FBBC001F831C /* Debug */,
				F5D1B3EA1D97FBBC001F831C /* Release */,
			);
			defaultConfigurationIsVisible = 0;
			defaultConfigurationName = Release;
		};
/* End XCConfigurationList section */
	};
	rootObject = F5D1B3BC1D97FAE6001F831C /* Project object */;
}
